
Microsoft Visual Studio Solution File, Format Version 12.00
# Visual Studio Version 16
VisualStudioVersion = 16.0.29519.87
MinimumVisualStudioVersion = 10.0.40219.1
Project("{FAE04EC0-301F-11D3-BF4B-00C04F79EFBC}") = "AsyncObservableCollectionTest.WPF", "AsyncObservableCollectionTest.WPF\AsyncObservableCollectionTest.WPF.csproj", "{6ACB1A4B-84C1-45C7-BC77-4588862AB7E1}"
EndProject
Project("{FAE04EC0-301F-11D3-BF4B-00C04F79EFBC}") = "AsyncObservableCollectionTest.Lib", "AsyncObservableCollectionTest.Lib\AsyncObservableCollectionTest.Lib.csproj", "{DF6FF01E-2CC5-4A64-94C5-ADC18612FA0F}"
EndProject
Project("{FAE04EC0-301F-11D3-BF4B-00C04F79EFBC}") = "AsyncObservableCollectionTest.Mobile.UWP", "AsyncObservableCollectionTest.Mobile\AsyncObservableCollectionTest.Mobile.UWP\AsyncObservableCollectionTest.Mobile.UWP.csproj", "{D70E5209-A2EB-4A8E-868C-92838B4A08BB}"
EndProject
Project("{FAE04EC0-301F-11D3-BF4B-00C04F79EFBC}") = "AsyncObservableCollectionTest.Mobile.Android", "AsyncObservableCollectionTest.Mobile\AsyncObservableCollectionTest.Mobile.Android\AsyncObservableCollectionTest.Mobile.Android.csproj", "{4C4F63B6-E141-4350-8EFA-919B2DF5B5B8}"
EndProject
Project("{FAE04EC0-301F-11D3-BF4B-00C04F79EFBC}") = "AsyncObservableCollectionTest.Mobile.iOS", "AsyncObservableCollectionTest.Mobile\AsyncObservableCollectionTest.Mobile.iOS\AsyncObservableCollectionTest.Mobile.iOS.csproj", "{9B3ABEBE-E303-4261-ABA6-10B40EC93124}"
EndProject
Project("{FAE04EC0-301F-11D3-BF4B-00C04F79EFBC}") = "AsyncObservableCollectionTest.Mobile", "AsyncObservableCollectionTest.Mobile\AsyncObservableCollectionTest.Mobile\AsyncObservableCollectionTest.Mobile.csproj", "{1D7F5043-A94F-41FB-9F46-B4683D395846}"
EndProject
Global
	GlobalSection(SolutionConfigurationPlatforms) = preSolution
		Debug|Any CPU = Debug|Any CPU
		Debug|ARM = Debug|ARM
		Debug|iPhone = Debug|iPhone
		Debug|iPhoneSimulator = Debug|iPhoneSimulator
		Debug|x64 = Debug|x64
		Debug|x86 = Debug|x86
		Release|Any CPU = Release|Any CPU
		Release|ARM = Release|ARM
		Release|iPhone = Release|iPhone
		Release|iPhoneSimulator = Release|iPhoneSimulator
		Release|x64 = Release|x64
		Release|x86 = Release|x86
	EndGlobalSection
	GlobalSection(ProjectConfigurationPlatforms) = postSolution
		{6ACB1A4B-84C1-45C7-BC77-4588862AB7E1}.Debug|Any CPU.ActiveCfg = Debug|Any CPU
		{6ACB1A4B-84C1-45C7-BC77-4588862AB7E1}.Debug|Any CPU.Build.0 = Debug|Any CPU
		{6ACB1A4B-84C1-45C7-BC77-4588862AB7E1}.Debug|ARM.ActiveCfg = Debug|Any CPU
		{6ACB1A4B-84C1-45C7-BC77-4588862AB7E1}.Debug|ARM.Build.0 = Debug|Any CPU
		{6ACB1A4B-84C1-45C7-BC77-4588862AB7E1}.Debug|iPhone.ActiveCfg = Debug|Any CPU
		{6ACB1A4B-84C1-45C7-BC77-4588862AB7E1}.Debug|iPhone.Build.0 = Debug|Any CPU
		{6ACB1A4B-84C1-45C7-BC77-4588862AB7E1}.Debug|iPhoneSimulator.ActiveCfg = Debug|Any CPU
		{6ACB1A4B-84C1-45C7-BC77-4588862AB7E1}.Debug|iPhoneSimulator.Build.0 = Debug|Any CPU
		{6ACB1A4B-84C1-45C7-BC77-4588862AB7E1}.Debug|x64.ActiveCfg = Debug|Any CPU
		{6ACB1A4B-84C1-45C7-BC77-4588862AB7E1}.Debug|x64.Build.0 = Debug|Any CPU
		{6ACB1A4B-84C1-45C7-BC77-4588862AB7E1}.Debug|x86.ActiveCfg = Debug|Any CPU
		{6ACB1A4B-84C1-45C7-BC77-4588862AB7E1}.Debug|x86.Build.0 = Debug|Any CPU
		{6ACB1A4B-84C1-45C7-BC77-4588862AB7E1}.Release|Any CPU.ActiveCfg = Release|Any CPU
		{6ACB1A4B-84C1-45C7-BC77-4588862AB7E1}.Release|Any CPU.Build.0 = Release|Any CPU
		{6ACB1A4B-84C1-45C7-BC77-4588862AB7E1}.Release|ARM.ActiveCfg = Release|Any CPU
		{6ACB1A4B-84C1-45C7-BC77-4588862AB7E1}.Release|ARM.Build.0 = Release|Any CPU
		{6ACB1A4B-84C1-45C7-BC77-4588862AB7E1}.Release|iPhone.ActiveCfg = Release|Any CPU
		{6ACB1A4B-84C1-45C7-BC77-4588862AB7E1}.Release|iPhone.Build.0 = Release|Any CPU
		{6ACB1A4B-84C1-45C7-BC77-4588862AB7E1}.Release|iPhoneSimulator.ActiveCfg = Release|Any CPU
		{6ACB1A4B-84C1-45C7-BC77-4588862AB7E1}.Release|iPhoneSimulator.Build.0 = Release|Any CPU
		{6ACB1A4B-84C1-45C7-BC77-4588862AB7E1}.Release|x64.ActiveCfg = Release|Any CPU
		{6ACB1A4B-84C1-45C7-BC77-4588862AB7E1}.Release|x64.Build.0 = Release|Any CPU
		{6ACB1A4B-84C1-45C7-BC77-4588862AB7E1}.Release|x86.ActiveCfg = Release|Any CPU
		{6ACB1A4B-84C1-45C7-BC77-4588862AB7E1}.Release|x86.Build.0 = Release|Any CPU
		{DF6FF01E-2CC5-4A64-94C5-ADC18612FA0F}.Debug|Any CPU.ActiveCfg = Debug|Any CPU
		{DF6FF01E-2CC5-4A64-94C5-ADC18612FA0F}.Debug|Any CPU.Build.0 = Debug|Any CPU
		{DF6FF01E-2CC5-4A64-94C5-ADC18612FA0F}.Debug|ARM.ActiveCfg = Debug|Any CPU
		{DF6FF01E-2CC5-4A64-94C5-ADC18612FA0F}.Debug|ARM.Build.0 = Debug|Any CPU
		{DF6FF01E-2CC5-4A64-94C5-ADC18612FA0F}.Debug|iPhone.ActiveCfg = Debug|Any CPU
		{DF6FF01E-2CC5-4A64-94C5-ADC18612FA0F}.Debug|iPhone.Build.0 = Debug|Any CPU
		{DF6FF01E-2CC5-4A64-94C5-ADC18612FA0F}.Debug|iPhoneSimulator.ActiveCfg = Debug|Any CPU
		{DF6FF01E-2CC5-4A64-94C5-ADC18612FA0F}.Debug|iPhoneSimulator.Build.0 = Debug|Any CPU
		{DF6FF01E-2CC5-4A64-94C5-ADC18612FA0F}.Debug|x64.ActiveCfg = Debug|Any CPU
		{DF6FF01E-2CC5-4A64-94C5-ADC18612FA0F}.Debug|x64.Build.0 = Debug|Any CPU
		{DF6FF01E-2CC5-4A64-94C5-ADC18612FA0F}.Debug|x86.ActiveCfg = Debug|Any CPU
		{DF6FF01E-2CC5-4A64-94C5-ADC18612FA0F}.Debug|x86.Build.0 = Debug|Any CPU
		{DF6FF01E-2CC5-4A64-94C5-ADC18612FA0F}.Release|Any CPU.ActiveCfg = Release|Any CPU
		{DF6FF01E-2CC5-4A64-94C5-ADC18612FA0F}.Release|Any CPU.Build.0 = Release|Any CPU
		{DF6FF01E-2CC5-4A64-94C5-ADC18612FA0F}.Release|ARM.ActiveCfg = Release|Any CPU
		{DF6FF01E-2CC5-4A64-94C5-ADC18612FA0F}.Release|ARM.Build.0 = Release|Any CPU
		{DF6FF01E-2CC5-4A64-94C5-ADC18612FA0F}.Release|iPhone.ActiveCfg = Release|Any CPU
		{DF6FF01E-2CC5-4A64-94C5-ADC18612FA0F}.Release|iPhone.Build.0 = Release|Any CPU
		{DF6FF01E-2CC5-4A64-94C5-ADC18612FA0F}.Release|iPhoneSimulator.ActiveCfg = Release|Any CPU
		{DF6FF01E-2CC5-4A64-94C5-ADC18612FA0F}.Release|iPhoneSimulator.Build.0 = Release|Any CPU
		{DF6FF01E-2CC5-4A64-94C5-ADC18612FA0F}.Release|x64.ActiveCfg = Release|Any CPU
		{DF6FF01E-2CC5-4A64-94C5-ADC18612FA0F}.Release|x64.Build.0 = Release|Any CPU
		{DF6FF01E-2CC5-4A64-94C5-ADC18612FA0F}.Release|x86.ActiveCfg = Release|Any CPU
		{DF6FF01E-2CC5-4A64-94C5-ADC18612FA0F}.Release|x86.Build.0 = Release|Any CPU
		{D70E5209-A2EB-4A8E-868C-92838B4A08BB}.Debug|Any CPU.ActiveCfg = Debug|x86
		{D70E5209-A2EB-4A8E-868C-92838B4A08BB}.Debug|ARM.ActiveCfg = Debug|ARM
		{D70E5209-A2EB-4A8E-868C-92838B4A08BB}.Debug|ARM.Build.0 = Debug|ARM
		{D70E5209-A2EB-4A8E-868C-92838B4A08BB}.Debug|ARM.Deploy.0 = Debug|ARM
		{D70E5209-A2EB-4A8E-868C-92838B4A08BB}.Debug|iPhone.ActiveCfg = Debug|x86
		{D70E5209-A2EB-4A8E-868C-92838B4A08BB}.Debug|iPhoneSimulator.ActiveCfg = Debug|x86
		{D70E5209-A2EB-4A8E-868C-92838B4A08BB}.Debug|x64.ActiveCfg = Debug|x64
		{D70E5209-A2EB-4A8E-868C-92838B4A08BB}.Debug|x64.Build.0 = Debug|x64
		{D70E5209-A2EB-4A8E-868C-92838B4A08BB}.Debug|x64.Deploy.0 = Debug|x64
		{D70E5209-A2EB-4A8E-868C-92838B4A08BB}.Debug|x86.ActiveCfg = Debug|x86
		{D70E5209-A2EB-4A8E-868C-92838B4A08BB}.Debug|x86.Build.0 = Debug|x86
		{D70E5209-A2EB-4A8E-868C-92838B4A08BB}.Debug|x86.Deploy.0 = Debug|x86
		{D70E5209-A2EB-4A8E-868C-92838B4A08BB}.Release|Any CPU.ActiveCfg = Release|x86
		{D70E5209-A2EB-4A8E-868C-92838B4A08BB}.Release|ARM.ActiveCfg = Release|ARM
		{D70E5209-A2EB-4A8E-868C-92838B4A08BB}.Release|ARM.Build.0 = Release|ARM
		{D70E5209-A2EB-4A8E-868C-92838B4A08BB}.Release|ARM.Deploy.0 = Release|ARM
		{D70E5209-A2EB-4A8E-868C-92838B4A08BB}.Release|iPhone.ActiveCfg = Release|x86
		{D70E5209-A2EB-4A8E-868C-92838B4A08BB}.Release|iPhoneSimulator.ActiveCfg = Release|x86
		{D70E5209-A2EB-4A8E-868C-92838B4A08BB}.Release|x64.ActiveCfg = Release|x64
		{D70E5209-A2EB-4A8E-868C-92838B4A08BB}.Release|x64.Build.0 = Release|x64
		{D70E5209-A2EB-4A8E-868C-92838B4A08BB}.Release|x64.Deploy.0 = Release|x64
		{D70E5209-A2EB-4A8E-868C-92838B4A08BB}.Release|x86.ActiveCfg = Release|x86
		{D70E5209-A2EB-4A8E-868C-92838B4A08BB}.Release|x86.Build.0 = Release|x86
		{D70E5209-A2EB-4A8E-868C-92838B4A08BB}.Release|x86.Deploy.0 = Release|x86
		{4C4F63B6-E141-4350-8EFA-919B2DF5B5B8}.Debug|Any CPU.ActiveCfg = Debug|Any CPU
		{4C4F63B6-E141-4350-8EFA-919B2DF5B5B8}.Debug|Any CPU.Build.0 = Debug|Any CPU
		{4C4F63B6-E141-4350-8EFA-919B2DF5B5B8}.Debug|Any CPU.Deploy.0 = Debug|Any CPU
		{4C4F63B6-E141-4350-8EFA-919B2DF5B5B8}.Debug|ARM.ActiveCfg = Debug|Any CPU
		{4C4F63B6-E141-4350-8EFA-919B2DF5B5B8}.Debug|ARM.Build.0 = Debug|Any CPU
		{4C4F63B6-E141-4350-8EFA-919B2DF5B5B8}.Debug|ARM.Deploy.0 = Debug|Any CPU
		{4C4F63B6-E141-4350-8EFA-919B2DF5B5B8}.Debug|iPhone.ActiveCfg = Debug|Any CPU
		{4C4F63B6-E141-4350-8EFA-919B2DF5B5B8}.Debug|iPhone.Build.0 = Debug|Any CPU
		{4C4F63B6-E141-4350-8EFA-919B2DF5B5B8}.Debug|iPhone.Deploy.0 = Debug|Any CPU
		{4C4F63B6-E141-4350-8EFA-919B2DF5B5B8}.Debug|iPhoneSimulator.ActiveCfg = Debug|Any CPU
		{4C4F63B6-E141-4350-8EFA-919B2DF5B5B8}.Debug|iPhoneSimulator.Build.0 = Debug|Any CPU
		{4C4F63B6-E141-4350-8EFA-919B2DF5B5B8}.Debug|iPhoneSimulator.Deploy.0 = Debug|Any CPU
		{4C4F63B6-E141-4350-8EFA-919B2DF5B5B8}.Debug|x64.ActiveCfg = Debug|Any CPU
		{4C4F63B6-E141-4350-8EFA-919B2DF5B5B8}.Debug|x64.Build.0 = Debug|Any CPU
		{4C4F63B6-E141-4350-8EFA-919B2DF5B5B8}.Debug|x64.Deploy.0 = Debug|Any CPU
		{4C4F63B6-E141-4350-8EFA-919B2DF5B5B8}.Debug|x86.ActiveCfg = Debug|Any CPU
		{4C4F63B6-E141-4350-8EFA-919B2DF5B5B8}.Debug|x86.Build.0 = Debug|Any CPU
		{4C4F63B6-E141-4350-8EFA-919B2DF5B5B8}.Debug|x86.Deploy.0 = Debug|Any CPU
		{4C4F63B6-E141-4350-8EFA-919B2DF5B5B8}.Release|Any CPU.ActiveCfg = Release|Any CPU
		{4C4F63B6-E141-4350-8EFA-919B2DF5B5B8}.Release|Any CPU.Build.0 = Release|Any CPU
		{4C4F63B6-E141-4350-8EFA-919B2DF5B5B8}.Release|Any CPU.Deploy.0 = Release|Any CPU
		{4C4F63B6-E141-4350-8EFA-919B2DF5B5B8}.Release|ARM.ActiveCfg = Release|Any CPU
		{4C4F63B6-E141-4350-8EFA-919B2DF5B5B8}.Release|ARM.Build.0 = Release|Any CPU
		{4C4F63B6-E141-4350-8EFA-919B2DF5B5B8}.Release|ARM.Deploy.0 = Release|Any CPU
		{4C4F63B6-E141-4350-8EFA-919B2DF5B5B8}.Release|iPhone.ActiveCfg = Release|Any CPU
		{4C4F63B6-E141-4350-8EFA-919B2DF5B5B8}.Release|iPhone.Build.0 = Release|Any CPU
		{4C4F63B6-E141-4350-8EFA-919B2DF5B5B8}.Release|iPhone.Deploy.0 = Release|Any CPU
		{4C4F63B6-E141-4350-8EFA-919B2DF5B5B8}.Release|iPhoneSimulator.ActiveCfg = Release|Any CPU
		{4C4F63B6-E141-4350-8EFA-919B2DF5B5B8}.Release|iPhoneSimulator.Build.0 = Release|Any CPU
		{4C4F63B6-E141-4350-8EFA-919B2DF5B5B8}.Release|iPhoneSimulator.Deploy.0 = Release|Any CPU
		{4C4F63B6-E141-4350-8EFA-919B2DF5B5B8}.Release|x64.ActiveCfg = Release|Any CPU
		{4C4F63B6-E141-4350-8EFA-919B2DF5B5B8}.Release|x64.Build.0 = Release|Any CPU
		{4C4F63B6-E141-4350-8EFA-919B2DF5B5B8}.Release|x64.Deploy.0 = Release|Any CPU
		{4C4F63B6-E141-4350-8EFA-919B2DF5B5B8}.Release|x86.ActiveCfg = Release|Any CPU
		{4C4F63B6-E141-4350-8EFA-919B2DF5B5B8}.Release|x86.Build.0 = Release|Any CPU
		{4C4F63B6-E141-4350-8EFA-919B2DF5B5B8}.Release|x86.Deploy.0 = Release|Any CPU
		{9B3ABEBE-E303-4261-ABA6-10B40EC93124}.Debug|Any CPU.ActiveCfg = Debug|iPhone
		{9B3ABEBE-E303-4261-ABA6-10B40EC93124}.Debug|ARM.ActiveCfg = Debug|iPhone
		{9B3ABEBE-E303-4261-ABA6-10B40EC93124}.Debug|iPhone.ActiveCfg = Debug|iPhone
		{9B3ABEBE-E303-4261-ABA6-10B40EC93124}.Debug|iPhone.Build.0 = Debug|iPhone
		{9B3ABEBE-E303-4261-ABA6-10B40EC93124}.Debug|iPhoneSimulator.ActiveCfg = Debug|iPhoneSimulator
		{9B3ABEBE-E303-4261-ABA6-10B40EC93124}.Debug|iPhoneSimulator.Build.0 = Debug|iPhoneSimulator
		{9B3ABEBE-E303-4261-ABA6-10B40EC93124}.Debug|x64.ActiveCfg = Debug|iPhone
		{9B3ABEBE-E303-4261-ABA6-10B40EC93124}.Debug|x86.ActiveCfg = Debug|iPhone
		{9B3ABEBE-E303-4261-ABA6-10B40EC93124}.Release|Any CPU.ActiveCfg = Release|iPhone
		{9B3ABEBE-E303-4261-ABA6-10B40EC93124}.Release|ARM.ActiveCfg = Release|iPhone
		{9B3ABEBE-E303-4261-ABA6-10B40EC93124}.Release|iPhone.ActiveCfg = Release|iPhone
		{9B3ABEBE-E303-4261-ABA6-10B40EC93124}.Release|iPhone.Build.0 = Release|iPhone
		{9B3ABEBE-E303-4261-ABA6-10B40EC93124}.Release|iPhoneSimulator.ActiveCfg = Release|iPhoneSimulator
		{9B3ABEBE-E303-4261-ABA6-10B40EC93124}.Release|iPhoneSimulator.Build.0 = Release|iPhoneSimulator
		{9B3ABEBE-E303-4261-ABA6-10B40EC93124}.Release|x64.ActiveCfg = Release|iPhone
		{9B3ABEBE-E303-4261-ABA6-10B40EC93124}.Release|x86.ActiveCfg = Release|iPhone
		{1D7F5043-A94F-41FB-9F46-B4683D395846}.Debug|Any CPU.ActiveCfg = Debug|Any CPU
		{1D7F5043-A94F-41FB-9F46-B4683D395846}.Debug|Any CPU.Build.0 = Debug|Any CPU
		{1D7F5043-A94F-41FB-9F46-B4683D395846}.Debug|ARM.ActiveCfg = Debug|Any CPU
		{1D7F5043-A94F-41FB-9F46-B4683D395846}.Debug|ARM.Build.0 = Debug|Any CPU
		{1D7F5043-A94F-41FB-9F46-B4683D395846}.Debug|iPhone.ActiveCfg = Debug|Any CPU
		{1D7F5043-A94F-41FB-9F46-B4683D395846}.Debug|iPhone.Build.0 = Debug|Any CPU
		{1D7F5043-A94F-41FB-9F46-B4683D395846}.Debug|iPhoneSimulator.ActiveCfg = Debug|Any CPU
		{1D7F5043-A94F-41FB-9F46-B4683D395846}.Debug|iPhoneSimulator.Build.0 = Debug|Any CPU
		{1D7F5043-A94F-41FB-9F46-B4683D395846}.Debug|x64.ActiveCfg = Debug|Any CPU
		{1D7F5043-A94F-41FB-9F46-B4683D395846}.Debug|x64.Build.0 = Debug|Any CPU
		{1D7F5043-A94F-41FB-9F46-B4683D395846}.Debug|x86.ActiveCfg = Debug|Any CPU
		{1D7F5043-A94F-41FB-9F46-B4683D395846}.Debug|x86.Build.0 = Debug|Any CPU
		{1D7F5043-A94F-41FB-9F46-B4683D395846}.Release|Any CPU.ActiveCfg = Release|Any CPU
		{1D7F5043-A94F-41FB-9F46-B4683D395846}.Release|Any CPU.Build.0 = Release|Any CPU
		{1D7F5043-A94F-41FB-9F46-B4683D395846}.Release|ARM.ActiveCfg = Release|Any CPU
		{1D7F5043-A94F-41FB-9F46-B4683D395846}.Release|ARM.Build.0 = Release|Any CPU
		{1D7F5043-A94F-41FB-9F46-B4683D395846}.Release|iPhone.ActiveCfg = Release|Any CPU
		{1D7F5043-A94F-41FB-9F46-B4683D395846}.Release|iPhone.Build.0 = Release|Any CPU
		{1D7F5043-A94F-41FB-9F46-B4683D395846}.Release|iPhoneSimulator.ActiveCfg = Release|Any CPU
		{1D7F5043-A94F-41FB-9F46-B4683D395846}.Release|iPhoneSimulator.Build.0 = Release|Any CPU
		{1D7F5043-A94F-41FB-9F46-B4683D395846}.Release|x64.ActiveCfg = Release|Any CPU
		{1D7F5043-A94F-41FB-9F46-B4683D395846}.Release|x64.Build.0 = Release|Any CPU
		{1D7F5043-A94F-41FB-9F46-B4683D395846}.Release|x86.ActiveCfg = Release|Any CPU
		{1D7F5043-A94F-41FB-9F46-B4683D395846}.Release|x86.Build.0 = Release|Any CPU
	EndGlobalSection
	GlobalSection(SolutionProperties) = preSolution
		HideSolutionNode = FALSE
	EndGlobalSection
	GlobalSection(ExtensibilityGlobals) = postSolution
		SolutionGuid = {44AE94BA-6564-473C-9313-D6193D562D07}
	EndGlobalSection
EndGlobal
